
Microsoft Visual Studio Solution File, Format Version 12.00
# Visual Studio Version 17
VisualStudioVersion = 17.9.34728.123
MinimumVisualStudioVersion = 10.0.40219.1
Project("{FAE04EC0-301F-11D3-BF4B-00C04F79EFBC}") = "Assignment2_N01614330", "Assignment2_N01614330\Assignment2_N01614330.csproj", "{CF98B759-4386-47F9-B1BE-91B2FD9AED19}"
EndProject
Global
	GlobalSection(SolutionConfigurationPlatforms) = preSolution
		Debug|Any CPU = Debug|Any CPU
		Release|Any CPU = Release|Any CPU
	EndGlobalSection
	GlobalSection(ProjectConfigurationPlatforms) = postSolution
		{CF98B759-4386-47F9-B1BE-91B2FD9AED19}.Debug|Any CPU.ActiveCfg = Debug|Any CPU
		{CF98B759-4386-47F9-B1BE-91B2FD9AED19}.Debug|Any CPU.Build.0 = Debug|Any CPU
		{CF98B759-4386-47F9-B1BE-91B2FD9AED19}.Release|Any CPU.ActiveCfg = Release|Any CPU
		{CF98B759-4386-47F9-B1BE-91B2FD9AED19}.Release|Any CPU.Build.0 = Release|Any CPU
	EndGlobalSection
	GlobalSection(SolutionProperties) = preSolution
		HideSolutionNode = FALSE
	EndGlobalSection
	GlobalSection(ExtensibilityGlobals) = postSolution
		SolutionGuid = {5298A795-1E7D-43B0-A753-D836A4C56E18}
	EndGlobalSection
EndGlobal
